{
    "_readme": [
        "This file locks the dependencies of your project to a known state",
        "Read more about it at https://getcomposer.org/doc/01-basic-usage.md#installing-dependencies",
        "This file is @generated automatically"
    ],
    "content-hash": "237d5bf8117149f208b49106e6bac3fb",
    "packages": [
        {
            "name": "frost-bit-star/kyphp",
            "version": "1.1.0",
            "source": {
                "type": "git",
                "url": "https://github.com/Frost-bit-star/KyPHP.git",
                "reference": "9c3095513dd22848027378406dcba8a5afbb61d8"
            },
            "dist": {
                "type": "zip",
                "url": "https://api.github.com/repos/Frost-bit-star/KyPHP/zipball/9c3095513dd22848027378406dcba8a5afbb61d8",
                "reference": "9c3095513dd22848027378406dcba8a5afbb61d8",
                "shasum": ""
            },
            "require": {
                "php": ">=8.1"
            },
            "suggest": {
                "ext-curl": "Required for optimal HTTP requests",
                "ext-json": "Required for JSON encoding/decoding"
            },
            "type": "library",
            "extra": {
                "branch-alias": {
                    "dev-main": "1.0-dev"
                }
            },
            "autoload": {
                "psr-4": {
                    "KyPHP\\": "src/"
                }
            },
            "notification-url": "https://packagist.org/downloads/",
            "license": [
                "MIT"
            ],
            "authors": [
                {
                    "name": "Morgan Miller",
                    "email": "morganmilstone983@gmail.com"
                }
            ],
            "description": "Ky-style minimal and fast PHP HTTP client with async batch support, hooks, retries, and JSON handling.",
            "support": {
                "issues": "https://github.com/Frost-bit-star/KyPHP/issues",
                "source": "https://github.com/Frost-bit-star/KyPHP/tree/1.1.0"
            },
            "time": "2026-01-06T20:14:46+00:00"
        }
    ],
    "packages-dev": [],
    "aliases": [],
    "minimum-stability": "stable",
    "stability-flags": {},
    "prefer-stable": false,
    "prefer-lowest": false,
    "platform": {
        "php": ">=8.0"
    },
    "platform-dev": {},
    "plugin-api-version": "2.9.0"
}
